
Microsoft Visual Studio Solution File, Format Version 12.00
# Visual Studio Version 16
VisualStudioVersion = 16.0.31702.278
MinimumVisualStudioVersion = 10.0.40219.1
Project("{FAE04EC0-301F-11D3-BF4B-00C04F79EFBC}") = "GOODS INFORMATION MANAGEMENT SYSTEM", "GOODS INFORMATION MANAGEMENT SYSTEM\GOODS INFORMATION MANAGEMENT SYSTEM.csproj", "{8084ADFD-6022-47D7-99E3-E1F896829E6B}"
EndProject
Global
	GlobalSection(SolutionConfigurationPlatforms) = preSolution
		Debug|Any CPU = Debug|Any CPU
		Release|Any CPU = Release|Any CPU
	EndGlobalSection
	GlobalSection(ProjectConfigurationPlatforms) = postSolution
		{8084ADFD-6022-47D7-99E3-E1F896829E6B}.Debug|Any CPU.ActiveCfg = Debug|Any CPU
		{8084ADFD-6022-47D7-99E3-E1F896829E6B}.Debug|Any CPU.Build.0 = Debug|Any CPU
		{8084ADFD-6022-47D7-99E3-E1F896829E6B}.Release|Any CPU.ActiveCfg = Release|Any CPU
		{8084ADFD-6022-47D7-99E3-E1F896829E6B}.Release|Any CPU.Build.0 = Release|Any CPU
	EndGlobalSection
	GlobalSection(SolutionProperties) = preSolution
		HideSolutionNode = FALSE
	EndGlobalSection
	GlobalSection(ExtensibilityGlobals) = postSolution
		SolutionGuid = {64F1A259-3D08-4555-A2EA-A19B6099FE5B}
	EndGlobalSection
EndGlobal
